
Microsoft Visual Studio Solution File, Format Version 12.00
# Visual Studio Version 17
VisualStudioVersion = 17.8.34309.116
MinimumVisualStudioVersion = 10.0.40219.1
Project("{9A19103F-16F7-4668-BE54-9A1E7A4F7556}") = "TaskTracker.API", "TaskTracker.API\TaskTracker.API.csproj", "{2ADED519-2AF8-41B8-9072-16EE98DC72F4}"
EndProject
Project("{9A19103F-16F7-4668-BE54-9A1E7A4F7556}") = "TaskTracker.DataAccess", "TaskTracker.DataAccess\TaskTracker.DataAccess.csproj", "{37BA3EB5-6303-4034-B59B-87417FAEEF06}"
EndProject
Project("{9A19103F-16F7-4668-BE54-9A1E7A4F7556}") = "TaskTracker.Domain", "TaskTracker.Domain\TaskTracker.Domain.csproj", "{E01B3E9A-44C1-489F-9DC8-9879E0E6D3E9}"
EndProject
Project("{9A19103F-16F7-4668-BE54-9A1E7A4F7556}") = "TaskTracker.Tests", "TaskTracker.Tests\TaskTracker.Tests.csproj", "{B98FDB0D-3689-4356-BBE2-212FDB6B3454}"
EndProject
Project("{9A19103F-16F7-4668-BE54-9A1E7A4F7556}") = "TaskTracker-NSubstitute.Tests", "TaskTracker-NSubstitute.Tests\TaskTracker-NSubstitute.Tests.csproj", "{F3884C63-097C-470E-9912-52CB491D7090}"
EndProject
Project("{9A19103F-16F7-4668-BE54-9A1E7A4F7556}") = "TaskTracker-Cosmos.API", "TaskTracker-Cosmos.API\TaskTracker-Cosmos.API.csproj", "{F247DE62-C521-48DA-AC19-6DC1338AE8AD}"
EndProject
Project("{FAE04EC0-301F-11D3-BF4B-00C04F79EFBC}") = "TaskTracker.Function", "TaskTracker.Function\TaskTracker.Function.csproj", "{966BEB70-91DC-483A-B4BE-3B1DC5E54EE0}"
EndProject
Global
	GlobalSection(SolutionConfigurationPlatforms) = preSolution
		Debug|Any CPU = Debug|Any CPU
		Release|Any CPU = Release|Any CPU
	EndGlobalSection
	GlobalSection(ProjectConfigurationPlatforms) = postSolution
		{2ADED519-2AF8-41B8-9072-16EE98DC72F4}.Debug|Any CPU.ActiveCfg = Debug|Any CPU
		{2ADED519-2AF8-41B8-9072-16EE98DC72F4}.Debug|Any CPU.Build.0 = Debug|Any CPU
		{2ADED519-2AF8-41B8-9072-16EE98DC72F4}.Release|Any CPU.ActiveCfg = Release|Any CPU
		{2ADED519-2AF8-41B8-9072-16EE98DC72F4}.Release|Any CPU.Build.0 = Release|Any CPU
		{37BA3EB5-6303-4034-B59B-87417FAEEF06}.Debug|Any CPU.ActiveCfg = Debug|Any CPU
		{37BA3EB5-6303-4034-B59B-87417FAEEF06}.Debug|Any CPU.Build.0 = Debug|Any CPU
		{37BA3EB5-6303-4034-B59B-87417FAEEF06}.Release|Any CPU.ActiveCfg = Release|Any CPU
		{37BA3EB5-6303-4034-B59B-87417FAEEF06}.Release|Any CPU.Build.0 = Release|Any CPU
		{E01B3E9A-44C1-489F-9DC8-9879E0E6D3E9}.Debug|Any CPU.ActiveCfg = Debug|Any CPU
		{E01B3E9A-44C1-489F-9DC8-9879E0E6D3E9}.Debug|Any CPU.Build.0 = Debug|Any CPU
		{E01B3E9A-44C1-489F-9DC8-9879E0E6D3E9}.Release|Any CPU.ActiveCfg = Release|Any CPU
		{E01B3E9A-44C1-489F-9DC8-9879E0E6D3E9}.Release|Any CPU.Build.0 = Release|Any CPU
		{B98FDB0D-3689-4356-BBE2-212FDB6B3454}.Debug|Any CPU.ActiveCfg = Debug|Any CPU
		{B98FDB0D-3689-4356-BBE2-212FDB6B3454}.Debug|Any CPU.Build.0 = Debug|Any CPU
		{B98FDB0D-3689-4356-BBE2-212FDB6B3454}.Release|Any CPU.ActiveCfg = Release|Any CPU
		{B98FDB0D-3689-4356-BBE2-212FDB6B3454}.Release|Any CPU.Build.0 = Release|Any CPU
		{F3884C63-097C-470E-9912-52CB491D7090}.Debug|Any CPU.ActiveCfg = Debug|Any CPU
		{F3884C63-097C-470E-9912-52CB491D7090}.Debug|Any CPU.Build.0 = Debug|Any CPU
		{F3884C63-097C-470E-9912-52CB491D7090}.Release|Any CPU.ActiveCfg = Release|Any CPU
		{F3884C63-097C-470E-9912-52CB491D7090}.Release|Any CPU.Build.0 = Release|Any CPU
		{F247DE62-C521-48DA-AC19-6DC1338AE8AD}.Debug|Any CPU.ActiveCfg = Debug|Any CPU
		{F247DE62-C521-48DA-AC19-6DC1338AE8AD}.Debug|Any CPU.Build.0 = Debug|Any CPU
		{F247DE62-C521-48DA-AC19-6DC1338AE8AD}.Release|Any CPU.ActiveCfg = Release|Any CPU
		{F247DE62-C521-48DA-AC19-6DC1338AE8AD}.Release|Any CPU.Build.0 = Release|Any CPU
		{966BEB70-91DC-483A-B4BE-3B1DC5E54EE0}.Debug|Any CPU.ActiveCfg = Debug|Any CPU
		{966BEB70-91DC-483A-B4BE-3B1DC5E54EE0}.Debug|Any CPU.Build.0 = Debug|Any CPU
		{966BEB70-91DC-483A-B4BE-3B1DC5E54EE0}.Release|Any CPU.ActiveCfg = Release|Any CPU
		{966BEB70-91DC-483A-B4BE-3B1DC5E54EE0}.Release|Any CPU.Build.0 = Release|Any CPU
	EndGlobalSection
	GlobalSection(SolutionProperties) = preSolution
		HideSolutionNode = FALSE
	EndGlobalSection
	GlobalSection(ExtensibilityGlobals) = postSolution
		SolutionGuid = {413DD831-0886-4CFB-9627-2D6DDF98478A}
	EndGlobalSection
EndGlobal
